
Microsoft Visual Studio Solution File, Format Version 12.00
# Visual Studio Version 16
VisualStudioVersion = 16.0.30711.63
MinimumVisualStudioVersion = 10.0.40219.1
Project("{FAE04EC0-301F-11D3-BF4B-00C04F79EFBC}") = "IndustriesImportExportController", "IndustriesImportExportController.csproj", "{51AB7218-188A-4C15-AF4B-9FFB2FA746F3}"
EndProject
Global
	GlobalSection(SolutionConfigurationPlatforms) = preSolution
		Debug|Any CPU = Debug|Any CPU
		Release|Any CPU = Release|Any CPU
	EndGlobalSection
	GlobalSection(ProjectConfigurationPlatforms) = postSolution
		{51AB7218-188A-4C15-AF4B-9FFB2FA746F3}.Debug|Any CPU.ActiveCfg = Debug|Any CPU
		{51AB7218-188A-4C15-AF4B-9FFB2FA746F3}.Debug|Any CPU.Build.0 = Debug|Any CPU
		{51AB7218-188A-4C15-AF4B-9FFB2FA746F3}.Release|Any CPU.ActiveCfg = Release|Any CPU
		{51AB7218-188A-4C15-AF4B-9FFB2FA746F3}.Release|Any CPU.Build.0 = Release|Any CPU
	EndGlobalSection
	GlobalSection(SolutionProperties) = preSolution
		HideSolutionNode = FALSE
	EndGlobalSection
	GlobalSection(ExtensibilityGlobals) = postSolution
		SolutionGuid = {94305002-351C-4191-9E55-0FB4A2BC16EE}
	EndGlobalSection
EndGlobal
